
Microsoft Visual Studio Solution File, Format Version 12.00
Project("{FAE04EC0-301F-11D3-BF4B-00C04F79EFBC}") = "BlazingTrails.Api", "BlazingTrails.Api\BlazingTrails.Api.csproj", "{67313641-876F-4B6F-90EC-15C84A839C3E}"
EndProject
Project("{FAE04EC0-301F-11D3-BF4B-00C04F79EFBC}") = "BlazingTrails.Shared", "BlazingTrails.Shared\BlazingTrails.Shared.csproj", "{7F9DB1F8-7604-4BDD-8EBB-C6AE3C8D30CA}"
EndProject
Project("{FAE04EC0-301F-11D3-BF4B-00C04F79EFBC}") = "BlazingTrails.Client", "BlazingTrails.Client\BlazingTrails.Client.csproj", "{1FD286BD-98DC-4E34-B4DE-F8EFD2BB9885}"
EndProject
Project("{FAE04EC0-301F-11D3-BF4B-00C04F79EFBC}") = "BlazingTrails.ComponentLibrary", "BlazingTrails.ComponentLibrary\BlazingTrails.ComponentLibrary.csproj", "{C635C761-5BC9-4241-B72C-FDEA96A6872A}"
EndProject
Project("{FAE04EC0-301F-11D3-BF4B-00C04F79EFBC}") = "Deneme.ComponentLibrary", "Deneme.ComponentLibrary\Deneme.ComponentLibrary.csproj", "{916F9B3D-F912-49C3-9C25-EEA224BEC785}"
EndProject
Global
	GlobalSection(SolutionConfigurationPlatforms) = preSolution
		Debug|Any CPU = Debug|Any CPU
		Release|Any CPU = Release|Any CPU
	EndGlobalSection
	GlobalSection(ProjectConfigurationPlatforms) = postSolution
		{67313641-876F-4B6F-90EC-15C84A839C3E}.Debug|Any CPU.ActiveCfg = Debug|Any CPU
		{67313641-876F-4B6F-90EC-15C84A839C3E}.Debug|Any CPU.Build.0 = Debug|Any CPU
		{67313641-876F-4B6F-90EC-15C84A839C3E}.Release|Any CPU.ActiveCfg = Release|Any CPU
		{67313641-876F-4B6F-90EC-15C84A839C3E}.Release|Any CPU.Build.0 = Release|Any CPU
		{7F9DB1F8-7604-4BDD-8EBB-C6AE3C8D30CA}.Debug|Any CPU.ActiveCfg = Debug|Any CPU
		{7F9DB1F8-7604-4BDD-8EBB-C6AE3C8D30CA}.Debug|Any CPU.Build.0 = Debug|Any CPU
		{7F9DB1F8-7604-4BDD-8EBB-C6AE3C8D30CA}.Release|Any CPU.ActiveCfg = Release|Any CPU
		{7F9DB1F8-7604-4BDD-8EBB-C6AE3C8D30CA}.Release|Any CPU.Build.0 = Release|Any CPU
		{1FD286BD-98DC-4E34-B4DE-F8EFD2BB9885}.Debug|Any CPU.ActiveCfg = Debug|Any CPU
		{1FD286BD-98DC-4E34-B4DE-F8EFD2BB9885}.Debug|Any CPU.Build.0 = Debug|Any CPU
		{1FD286BD-98DC-4E34-B4DE-F8EFD2BB9885}.Release|Any CPU.ActiveCfg = Release|Any CPU
		{1FD286BD-98DC-4E34-B4DE-F8EFD2BB9885}.Release|Any CPU.Build.0 = Release|Any CPU
		{C635C761-5BC9-4241-B72C-FDEA96A6872A}.Debug|Any CPU.ActiveCfg = Debug|Any CPU
		{C635C761-5BC9-4241-B72C-FDEA96A6872A}.Debug|Any CPU.Build.0 = Debug|Any CPU
		{C635C761-5BC9-4241-B72C-FDEA96A6872A}.Release|Any CPU.ActiveCfg = Release|Any CPU
		{C635C761-5BC9-4241-B72C-FDEA96A6872A}.Release|Any CPU.Build.0 = Release|Any CPU
		{916F9B3D-F912-49C3-9C25-EEA224BEC785}.Debug|Any CPU.ActiveCfg = Debug|Any CPU
		{916F9B3D-F912-49C3-9C25-EEA224BEC785}.Debug|Any CPU.Build.0 = Debug|Any CPU
		{916F9B3D-F912-49C3-9C25-EEA224BEC785}.Release|Any CPU.ActiveCfg = Release|Any CPU
		{916F9B3D-F912-49C3-9C25-EEA224BEC785}.Release|Any CPU.Build.0 = Release|Any CPU
	EndGlobalSection
	GlobalSection(NestedProjects) = preSolution
	EndGlobalSection
EndGlobal
